
Microsoft Visual Studio Solution File, Format Version 12.00
# Visual Studio Version 17
VisualStudioVersion = 17.14.36327.8 d17.14
MinimumVisualStudioVersion = 10.0.40219.1
Project("{FAE04EC0-301F-11D3-BF4B-00C04F79EFBC}") = "Escuela.AccesoDatos", "Escuela.AccesoDatos\Escuela.AccesoDatos.csproj", "{1E0D8A33-073A-4C8D-BF47-1476EF1FBC93}"
EndProject
Project("{FAE04EC0-301F-11D3-BF4B-00C04F79EFBC}") = "Escuela.Models", "Escuela.Models\Escuela.Models.csproj", "{775B9AB7-E819-4F33-AB2D-6C338B413C16}"
EndProject
Project("{FAE04EC0-301F-11D3-BF4B-00C04F79EFBC}") = "Escuela.API", "Escuela.API\Escuela.API.csproj", "{A0EF0BF2-2BFA-4058-AA37-7FC9B88E68EF}"
EndProject
Global
	GlobalSection(SolutionConfigurationPlatforms) = preSolution
		Debug|Any CPU = Debug|Any CPU
		Release|Any CPU = Release|Any CPU
	EndGlobalSection
	GlobalSection(ProjectConfigurationPlatforms) = postSolution
		{1E0D8A33-073A-4C8D-BF47-1476EF1FBC93}.Debug|Any CPU.ActiveCfg = Debug|Any CPU
		{1E0D8A33-073A-4C8D-BF47-1476EF1FBC93}.Debug|Any CPU.Build.0 = Debug|Any CPU
		{1E0D8A33-073A-4C8D-BF47-1476EF1FBC93}.Release|Any CPU.ActiveCfg = Release|Any CPU
		{1E0D8A33-073A-4C8D-BF47-1476EF1FBC93}.Release|Any CPU.Build.0 = Release|Any CPU
		{775B9AB7-E819-4F33-AB2D-6C338B413C16}.Debug|Any CPU.ActiveCfg = Debug|Any CPU
		{775B9AB7-E819-4F33-AB2D-6C338B413C16}.Debug|Any CPU.Build.0 = Debug|Any CPU
		{775B9AB7-E819-4F33-AB2D-6C338B413C16}.Release|Any CPU.ActiveCfg = Release|Any CPU
		{775B9AB7-E819-4F33-AB2D-6C338B413C16}.Release|Any CPU.Build.0 = Release|Any CPU
		{A0EF0BF2-2BFA-4058-AA37-7FC9B88E68EF}.Debug|Any CPU.ActiveCfg = Debug|Any CPU
		{A0EF0BF2-2BFA-4058-AA37-7FC9B88E68EF}.Debug|Any CPU.Build.0 = Debug|Any CPU
		{A0EF0BF2-2BFA-4058-AA37-7FC9B88E68EF}.Release|Any CPU.ActiveCfg = Release|Any CPU
		{A0EF0BF2-2BFA-4058-AA37-7FC9B88E68EF}.Release|Any CPU.Build.0 = Release|Any CPU
	EndGlobalSection
	GlobalSection(SolutionProperties) = preSolution
		HideSolutionNode = FALSE
	EndGlobalSection
	GlobalSection(ExtensibilityGlobals) = postSolution
		SolutionGuid = {E3B5FB69-9D83-47BE-BDC1-DD9999F80F08}
	EndGlobalSection
EndGlobal
